PODS:
  - Charts (3.0.1):
    - Charts/Core (= 3.0.1)
  - Charts/Core (3.0.1)
  - ParallaxHeader (1.0.6)

DEPENDENCIES:
  - Charts
  - ParallaxHeader (~> 1.0.6)

SPEC CHECKSUMS:
  Charts: 0e84f4418e87dad6a9edde221fba37ebb51d3ba7
  ParallaxHeader: 18ef35dfee4e565e2ef8b8d21c16d856ab1f424a

PODFILE CHECKSUM: c6dcf06cd69f8d2de39e33c50b306c91d6ccf537

COCOAPODS: 1.3.1
